
Microsoft Visual Studio Solution File, Format Version 12.00
Project("{FAE04EC0-301F-11D3-BF4B-00C04F79EFBC}") = "DynamicColumnsVisibility", "DynamicColumnsVisibility\DynamicColumnsVisibility.csproj", "{BBF22A75-37A0-4285-B739-9BA66E6E4A13}"
EndProject
Global
	GlobalSection(SolutionConfigurationPlatforms) = preSolution
		Debug|Any CPU = Debug|Any CPU
		Release|Any CPU = Release|Any CPU
	EndGlobalSection
	GlobalSection(ProjectConfigurationPlatforms) = postSolution
		{BBF22A75-37A0-4285-B739-9BA66E6E4A13}.Debug|Any CPU.ActiveCfg = Debug|Any CPU
		{BBF22A75-37A0-4285-B739-9BA66E6E4A13}.Debug|Any CPU.Build.0 = Debug|Any CPU
		{BBF22A75-37A0-4285-B739-9BA66E6E4A13}.Release|Any CPU.ActiveCfg = Release|Any CPU
		{BBF22A75-37A0-4285-B739-9BA66E6E4A13}.Release|Any CPU.Build.0 = Release|Any CPU
	EndGlobalSection
EndGlobal
